
Microsoft Visual Studio Solution File, Format Version 12.00
# Visual Studio Version 17
VisualStudioVersion = 17.7.34024.191
MinimumVisualStudioVersion = 10.0.40219.1
Project("{8BC9CEB8-8B4A-11D0-8D11-00A0C91BC942}") = "OPLab13.1", "OPLab13.1\OPLab13.1.vcxproj", "{17AAE64A-F9C7-4FF0-969B-15D76E78E164}"
EndProject
Project("{8BC9CEB8-8B4A-11D0-8D11-00A0C91BC942}") = "OPLab13.2", "OPLab13.2\OPLab13.2.vcxproj", "{16E0E027-6505-4E79-B4CD-EF7F98FDE5B4}"
EndProject
Project("{8BC9CEB8-8B4A-11D0-8D11-00A0C91BC942}") = "OPLab13.3", "OPLab13.3\OPLab13.3.vcxproj", "{F408D92F-860D-4E4F-81C5-36566A3CA493}"
EndProject
Project("{8BC9CEB8-8B4A-11D0-8D11-00A0C91BC942}") = "OPLab13.4", "OPLab13.4\OPLab13.4.vcxproj", "{DF9E7720-C802-4A70-84AF-C64DBBBB5FA2}"
EndProject
Project("{8BC9CEB8-8B4A-11D0-8D11-00A0C91BC942}") = "OPLab13.5", "OPLab13.5\OPLab13.5.vcxproj", "{AA6795BA-2FF8-4889-8CCA-D15C252B3270}"
EndProject
Global
	GlobalSection(SolutionConfigurationPlatforms) = preSolution
		Debug|x64 = Debug|x64
		Debug|x86 = Debug|x86
		Release|x64 = Release|x64
		Release|x86 = Release|x86
	EndGlobalSection
	GlobalSection(ProjectConfigurationPlatforms) = postSolution
		{17AAE64A-F9C7-4FF0-969B-15D76E78E164}.Debug|x64.ActiveCfg = Debug|x64
		{17AAE64A-F9C7-4FF0-969B-15D76E78E164}.Debug|x64.Build.0 = Debug|x64
		{17AAE64A-F9C7-4FF0-969B-15D76E78E164}.Debug|x86.ActiveCfg = Debug|Win32
		{17AAE64A-F9C7-4FF0-969B-15D76E78E164}.Debug|x86.Build.0 = Debug|Win32
		{17AAE64A-F9C7-4FF0-969B-15D76E78E164}.Release|x64.ActiveCfg = Release|x64
		{17AAE64A-F9C7-4FF0-969B-15D76E78E164}.Release|x64.Build.0 = Release|x64
		{17AAE64A-F9C7-4FF0-969B-15D76E78E164}.Release|x86.ActiveCfg = Release|Win32
		{17AAE64A-F9C7-4FF0-969B-15D76E78E164}.Release|x86.Build.0 = Release|Win32
		{16E0E027-6505-4E79-B4CD-EF7F98FDE5B4}.Debug|x64.ActiveCfg = Debug|x64
		{16E0E027-6505-4E79-B4CD-EF7F98FDE5B4}.Debug|x64.Build.0 = Debug|x64
		{16E0E027-6505-4E79-B4CD-EF7F98FDE5B4}.Debug|x86.ActiveCfg = Debug|Win32
		{16E0E027-6505-4E79-B4CD-EF7F98FDE5B4}.Debug|x86.Build.0 = Debug|Win32
		{16E0E027-6505-4E79-B4CD-EF7F98FDE5B4}.Release|x64.ActiveCfg = Release|x64
		{16E0E027-6505-4E79-B4CD-EF7F98FDE5B4}.Release|x64.Build.0 = Release|x64
		{16E0E027-6505-4E79-B4CD-EF7F98FDE5B4}.Release|x86.ActiveCfg = Release|Win32
		{16E0E027-6505-4E79-B4CD-EF7F98FDE5B4}.Release|x86.Build.0 = Release|Win32
		{F408D92F-860D-4E4F-81C5-36566A3CA493}.Debug|x64.ActiveCfg = Debug|x64
		{F408D92F-860D-4E4F-81C5-36566A3CA493}.Debug|x64.Build.0 = Debug|x64
		{F408D92F-860D-4E4F-81C5-36566A3CA493}.Debug|x86.ActiveCfg = Debug|Win32
		{F408D92F-860D-4E4F-81C5-36566A3CA493}.Debug|x86.Build.0 = Debug|Win32
		{F408D92F-860D-4E4F-81C5-36566A3CA493}.Release|x64.ActiveCfg = Release|x64
		{F408D92F-860D-4E4F-81C5-36566A3CA493}.Release|x64.Build.0 = Release|x64
		{F408D92F-860D-4E4F-81C5-36566A3CA493}.Release|x86.ActiveCfg = Release|Win32
		{F408D92F-860D-4E4F-81C5-36566A3CA493}.Release|x86.Build.0 = Release|Win32
		{DF9E7720-C802-4A70-84AF-C64DBBBB5FA2}.Debug|x64.ActiveCfg = Debug|x64
		{DF9E7720-C802-4A70-84AF-C64DBBBB5FA2}.Debug|x64.Build.0 = Debug|x64
		{DF9E7720-C802-4A70-84AF-C64DBBBB5FA2}.Debug|x86.ActiveCfg = Debug|Win32
		{DF9E7720-C802-4A70-84AF-C64DBBBB5FA2}.Debug|x86.Build.0 = Debug|Win32
		{DF9E7720-C802-4A70-84AF-C64DBBBB5FA2}.Release|x64.ActiveCfg = Release|x64
		{DF9E7720-C802-4A70-84AF-C64DBBBB5FA2}.Release|x64.Build.0 = Release|x64
		{DF9E7720-C802-4A70-84AF-C64DBBBB5FA2}.Release|x86.ActiveCfg = Release|Win32
		{DF9E7720-C802-4A70-84AF-C64DBBBB5FA2}.Release|x86.Build.0 = Release|Win32
		{AA6795BA-2FF8-4889-8CCA-D15C252B3270}.Debug|x64.ActiveCfg = Debug|x64
		{AA6795BA-2FF8-4889-8CCA-D15C252B3270}.Debug|x64.Build.0 = Debug|x64
		{AA6795BA-2FF8-4889-8CCA-D15C252B3270}.Debug|x86.ActiveCfg = Debug|Win32
		{AA6795BA-2FF8-4889-8CCA-D15C252B3270}.Debug|x86.Build.0 = Debug|Win32
		{AA6795BA-2FF8-4889-8CCA-D15C252B3270}.Release|x64.ActiveCfg = Release|x64
		{AA6795BA-2FF8-4889-8CCA-D15C252B3270}.Release|x64.Build.0 = Release|x64
		{AA6795BA-2FF8-4889-8CCA-D15C252B3270}.Release|x86.ActiveCfg = Release|Win32
		{AA6795BA-2FF8-4889-8CCA-D15C252B3270}.Release|x86.Build.0 = Release|Win32
	EndGlobalSection
	GlobalSection(SolutionProperties) = preSolution
		HideSolutionNode = FALSE
	EndGlobalSection
	GlobalSection(ExtensibilityGlobals) = postSolution
		SolutionGuid = {79799CF3-1DC9-4A8B-A76E-B991C49401A4}
	EndGlobalSection
EndGlobal
